
Microsoft Visual Studio Solution File, Format Version 12.00
# Visual Studio 15
VisualStudioVersion = 15.0.26124.0
MinimumVisualStudioVersion = 15.0.26124.0
Project("{FAE04EC0-301F-11D3-BF4B-00C04F79EFBC}") = "Penguin.Persistence.Repositories.EntityFramework.Local", "Penguin.Persistence.Repositories.EntityFramework.Local.csproj", "{69EAE106-9D3E-47A3-82DF-F125B6AAEDE0}"
EndProject
Project("{FAE04EC0-301F-11D3-BF4B-00C04F79EFBC}") = "Penguin.Messaging.Logging.Local", "..\Penguin.Messaging.Logging\Penguin.Messaging.Logging.Local.csproj", "{64379D0E-BA34-4D6D-B07E-2244ED73913A}"
EndProject
Project("{FAE04EC0-301F-11D3-BF4B-00C04F79EFBC}") = "Penguin.Messaging.Core.Local", "..\Penguin.Messaging.Core\Penguin.Messaging.Core.Local.csproj", "{823FE458-3937-4B10-9FAC-B9B47641C4FA}"
EndProject
Project("{FAE04EC0-301F-11D3-BF4B-00C04F79EFBC}") = "Penguin.Debugging.Local", "..\Penguin.Debugging\Penguin.Debugging.Local.csproj", "{EAEEE6D0-7122-43A0-8517-BA684118D591}"
EndProject
Project("{FAE04EC0-301F-11D3-BF4B-00C04F79EFBC}") = "Penguin.Extensions.Exceptions.Local", "..\Penguin.Extensions.Exceptions\Penguin.Extensions.Exceptions.Local.csproj", "{006EFA9C-2A3A-451B-85D9-E9E237B69659}"
EndProject
Project("{FAE04EC0-301F-11D3-BF4B-00C04F79EFBC}") = "Penguin.Messaging.Abstractions.Local", "..\Penguin.Messaging.Abstractions\Penguin.Messaging.Abstractions.Local.csproj", "{FDDD703E-4A14-4603-B75D-C15429D46860}"
EndProject
Project("{FAE04EC0-301F-11D3-BF4B-00C04F79EFBC}") = "Penguin.Messaging.Persistence.Local", "..\Penguin.Messaging.Persistence\Penguin.Messaging.Persistence.Local.csproj", "{C7D19331-E934-4652-9DE2-6044D8E7C049}"
EndProject
Project("{FAE04EC0-301F-11D3-BF4B-00C04F79EFBC}") = "Penguin.Persistence.EntityFramework.Local", "..\Penguin.Persistence.EntityFramework\Penguin.Persistence.EntityFramework.Local.csproj", "{B34733A4-7A80-40D2-B20D-B0DC2E96D6D8}"
EndProject
Project("{FAE04EC0-301F-11D3-BF4B-00C04F79EFBC}") = "Penguin.Cms.Entities.Local", "..\Penguin.Cms.Entities\Penguin.Cms.Entities.Local.csproj", "{C735B6F5-597E-4FB7-A79D-FAFB2C1CB843}"
EndProject
Project("{FAE04EC0-301F-11D3-BF4B-00C04F79EFBC}") = "Penguin.Persistence.Abstractions.Local", "..\Penguin.Persistence.Abstractions\Penguin.Persistence.Abstractions.Local.csproj", "{EDA67DF7-DF35-4FED-9B65-613050031119}"
EndProject
Project("{FAE04EC0-301F-11D3-BF4B-00C04F79EFBC}") = "Penguin.Entities.Abstractions.Local", "..\Penguin.Entities.Abstractions\Penguin.Entities.Abstractions.Local.csproj", "{CEE589E5-1FC4-47CE-B449-12A838878E16}"
EndProject
Project("{FAE04EC0-301F-11D3-BF4B-00C04F79EFBC}") = "Penguin.Reflection.Extensions.Local", "..\Penguin.Reflection.Extensions\Penguin.Reflection.Extensions.Local.csproj", "{A0BA3AFC-9564-4FC0-A46C-A788542A6122}"
EndProject
Project("{FAE04EC0-301F-11D3-BF4B-00C04F79EFBC}") = "Penguin.Reflection.Abstractions.Local", "..\Penguin.Reflection.Abstractions\Penguin.Reflection.Abstractions.Local.csproj", "{BE6D9BC5-1082-4234-8412-CDB51A693DEA}"
EndProject
Project("{FAE04EC0-301F-11D3-BF4B-00C04F79EFBC}") = "Penguin.Extensions.String.Local", "..\Penguin.Extensions.String\Penguin.Extensions.String.Local.csproj", "{8AF1C10B-25D1-491F-8495-90F0C1E12B32}"
EndProject
Project("{FAE04EC0-301F-11D3-BF4B-00C04F79EFBC}") = "Penguin.DependencyInjection.Abstractions.Local", "..\Penguin.DependencyInjection.Abstractions\Penguin.DependencyInjection.Abstractions.Local.csproj", "{F80D12AB-BFA5-4BB3-BA21-C733B8CDF578}"
EndProject
Project("{FAE04EC0-301F-11D3-BF4B-00C04F79EFBC}") = "Penguin.Reflection.Local", "..\Penguin.Reflection\Penguin.Reflection.Local.csproj", "{92985A99-56EE-459F-A9C3-52A96EEC2197}"
EndProject
Project("{FAE04EC0-301F-11D3-BF4B-00C04F79EFBC}") = "Penguin.Extensions.Collections.Local", "..\Penguin.Extensions.Collections\Penguin.Extensions.Collections.Local.csproj", "{67883725-7395-4074-BFEF-5B291DCAC03D}"
EndProject
Global
	GlobalSection(SolutionConfigurationPlatforms) = preSolution
		Debug|Any CPU = Debug|Any CPU
		Debug|x64 = Debug|x64
		Debug|x86 = Debug|x86
		Release|Any CPU = Release|Any CPU
		Release|x64 = Release|x64
		Release|x86 = Release|x86
	EndGlobalSection
	GlobalSection(SolutionProperties) = preSolution
		HideSolutionNode = FALSE
	EndGlobalSection
	GlobalSection(ProjectConfigurationPlatforms) = postSolution
		{69EAE106-9D3E-47A3-82DF-F125B6AAEDE0}.Debug|Any CPU.ActiveCfg = Debug|Any CPU
		{69EAE106-9D3E-47A3-82DF-F125B6AAEDE0}.Debug|Any CPU.Build.0 = Debug|Any CPU
		{69EAE106-9D3E-47A3-82DF-F125B6AAEDE0}.Debug|x64.ActiveCfg = Debug|Any CPU
		{69EAE106-9D3E-47A3-82DF-F125B6AAEDE0}.Debug|x64.Build.0 = Debug|Any CPU
		{69EAE106-9D3E-47A3-82DF-F125B6AAEDE0}.Debug|x86.ActiveCfg = Debug|Any CPU
		{69EAE106-9D3E-47A3-82DF-F125B6AAEDE0}.Debug|x86.Build.0 = Debug|Any CPU
		{69EAE106-9D3E-47A3-82DF-F125B6AAEDE0}.Release|Any CPU.ActiveCfg = Release|Any CPU
		{69EAE106-9D3E-47A3-82DF-F125B6AAEDE0}.Release|Any CPU.Build.0 = Release|Any CPU
		{69EAE106-9D3E-47A3-82DF-F125B6AAEDE0}.Release|x64.ActiveCfg = Release|Any CPU
		{69EAE106-9D3E-47A3-82DF-F125B6AAEDE0}.Release|x64.Build.0 = Release|Any CPU
		{69EAE106-9D3E-47A3-82DF-F125B6AAEDE0}.Release|x86.ActiveCfg = Release|Any CPU
		{69EAE106-9D3E-47A3-82DF-F125B6AAEDE0}.Release|x86.Build.0 = Release|Any CPU
		{64379D0E-BA34-4D6D-B07E-2244ED73913A}.Debug|Any CPU.ActiveCfg = Debug|Any CPU
		{64379D0E-BA34-4D6D-B07E-2244ED73913A}.Debug|Any CPU.Build.0 = Debug|Any CPU
		{64379D0E-BA34-4D6D-B07E-2244ED73913A}.Debug|x64.ActiveCfg = Debug|Any CPU
		{64379D0E-BA34-4D6D-B07E-2244ED73913A}.Debug|x64.Build.0 = Debug|Any CPU
		{64379D0E-BA34-4D6D-B07E-2244ED73913A}.Debug|x86.ActiveCfg = Debug|Any CPU
		{64379D0E-BA34-4D6D-B07E-2244ED73913A}.Debug|x86.Build.0 = Debug|Any CPU
		{64379D0E-BA34-4D6D-B07E-2244ED73913A}.Release|Any CPU.ActiveCfg = Release|Any CPU
		{64379D0E-BA34-4D6D-B07E-2244ED73913A}.Release|Any CPU.Build.0 = Release|Any CPU
		{64379D0E-BA34-4D6D-B07E-2244ED73913A}.Release|x64.ActiveCfg = Release|Any CPU
		{64379D0E-BA34-4D6D-B07E-2244ED73913A}.Release|x64.Build.0 = Release|Any CPU
		{64379D0E-BA34-4D6D-B07E-2244ED73913A}.Release|x86.ActiveCfg = Release|Any CPU
		{64379D0E-BA34-4D6D-B07E-2244ED73913A}.Release|x86.Build.0 = Release|Any CPU
		{823FE458-3937-4B10-9FAC-B9B47641C4FA}.Debug|Any CPU.ActiveCfg = Debug|Any CPU
		{823FE458-3937-4B10-9FAC-B9B47641C4FA}.Debug|Any CPU.Build.0 = Debug|Any CPU
		{823FE458-3937-4B10-9FAC-B9B47641C4FA}.Debug|x64.ActiveCfg = Debug|Any CPU
		{823FE458-3937-4B10-9FAC-B9B47641C4FA}.Debug|x64.Build.0 = Debug|Any CPU
		{823FE458-3937-4B10-9FAC-B9B47641C4FA}.Debug|x86.ActiveCfg = Debug|Any CPU
		{823FE458-3937-4B10-9FAC-B9B47641C4FA}.Debug|x86.Build.0 = Debug|Any CPU
		{823FE458-3937-4B10-9FAC-B9B47641C4FA}.Release|Any CPU.ActiveCfg = Release|Any CPU
		{823FE458-3937-4B10-9FAC-B9B47641C4FA}.Release|Any CPU.Build.0 = Release|Any CPU
		{823FE458-3937-4B10-9FAC-B9B47641C4FA}.Release|x64.ActiveCfg = Release|Any CPU
		{823FE458-3937-4B10-9FAC-B9B47641C4FA}.Release|x64.Build.0 = Release|Any CPU
		{823FE458-3937-4B10-9FAC-B9B47641C4FA}.Release|x86.ActiveCfg = Release|Any CPU
		{823FE458-3937-4B10-9FAC-B9B47641C4FA}.Release|x86.Build.0 = Release|Any CPU
		{EAEEE6D0-7122-43A0-8517-BA684118D591}.Debug|Any CPU.ActiveCfg = Debug|Any CPU
		{EAEEE6D0-7122-43A0-8517-BA684118D591}.Debug|Any CPU.Build.0 = Debug|Any CPU
		{EAEEE6D0-7122-43A0-8517-BA684118D591}.Debug|x64.ActiveCfg = Debug|Any CPU
		{EAEEE6D0-7122-43A0-8517-BA684118D591}.Debug|x64.Build.0 = Debug|Any CPU
		{EAEEE6D0-7122-43A0-8517-BA684118D591}.Debug|x86.ActiveCfg = Debug|Any CPU
		{EAEEE6D0-7122-43A0-8517-BA684118D591}.Debug|x86.Build.0 = Debug|Any CPU
		{EAEEE6D0-7122-43A0-8517-BA684118D591}.Release|Any CPU.ActiveCfg = Release|Any CPU
		{EAEEE6D0-7122-43A0-8517-BA684118D591}.Release|Any CPU.Build.0 = Release|Any CPU
		{EAEEE6D0-7122-43A0-8517-BA684118D591}.Release|x64.ActiveCfg = Release|Any CPU
		{EAEEE6D0-7122-43A0-8517-BA684118D591}.Release|x64.Build.0 = Release|Any CPU
		{EAEEE6D0-7122-43A0-8517-BA684118D591}.Release|x86.ActiveCfg = Release|Any CPU
		{EAEEE6D0-7122-43A0-8517-BA684118D591}.Release|x86.Build.0 = Release|Any CPU
		{006EFA9C-2A3A-451B-85D9-E9E237B69659}.Debug|Any CPU.ActiveCfg = Debug|Any CPU
		{006EFA9C-2A3A-451B-85D9-E9E237B69659}.Debug|Any CPU.Build.0 = Debug|Any CPU
		{006EFA9C-2A3A-451B-85D9-E9E237B69659}.Debug|x64.ActiveCfg = Debug|Any CPU
		{006EFA9C-2A3A-451B-85D9-E9E237B69659}.Debug|x64.Build.0 = Debug|Any CPU
		{006EFA9C-2A3A-451B-85D9-E9E237B69659}.Debug|x86.ActiveCfg = Debug|Any CPU
		{006EFA9C-2A3A-451B-85D9-E9E237B69659}.Debug|x86.Build.0 = Debug|Any CPU
		{006EFA9C-2A3A-451B-85D9-E9E237B69659}.Release|Any CPU.ActiveCfg = Release|Any CPU
		{006EFA9C-2A3A-451B-85D9-E9E237B69659}.Release|Any CPU.Build.0 = Release|Any CPU
		{006EFA9C-2A3A-451B-85D9-E9E237B69659}.Release|x64.ActiveCfg = Release|Any CPU
		{006EFA9C-2A3A-451B-85D9-E9E237B69659}.Release|x64.Build.0 = Release|Any CPU
		{006EFA9C-2A3A-451B-85D9-E9E237B69659}.Release|x86.ActiveCfg = Release|Any CPU
		{006EFA9C-2A3A-451B-85D9-E9E237B69659}.Release|x86.Build.0 = Release|Any CPU
		{FDDD703E-4A14-4603-B75D-C15429D46860}.Debug|Any CPU.ActiveCfg = Debug|Any CPU
		{FDDD703E-4A14-4603-B75D-C15429D46860}.Debug|Any CPU.Build.0 = Debug|Any CPU
		{FDDD703E-4A14-4603-B75D-C15429D46860}.Debug|x64.ActiveCfg = Debug|Any CPU
		{FDDD703E-4A14-4603-B75D-C15429D46860}.Debug|x64.Build.0 = Debug|Any CPU
		{FDDD703E-4A14-4603-B75D-C15429D46860}.Debug|x86.ActiveCfg = Debug|Any CPU
		{FDDD703E-4A14-4603-B75D-C15429D46860}.Debug|x86.Build.0 = Debug|Any CPU
		{FDDD703E-4A14-4603-B75D-C15429D46860}.Release|Any CPU.ActiveCfg = Release|Any CPU
		{FDDD703E-4A14-4603-B75D-C15429D46860}.Release|Any CPU.Build.0 = Release|Any CPU
		{FDDD703E-4A14-4603-B75D-C15429D46860}.Release|x64.ActiveCfg = Release|Any CPU
		{FDDD703E-4A14-4603-B75D-C15429D46860}.Release|x64.Build.0 = Release|Any CPU
		{FDDD703E-4A14-4603-B75D-C15429D46860}.Release|x86.ActiveCfg = Release|Any CPU
		{FDDD703E-4A14-4603-B75D-C15429D46860}.Release|x86.Build.0 = Release|Any CPU
		{C7D19331-E934-4652-9DE2-6044D8E7C049}.Debug|Any CPU.ActiveCfg = Debug|Any CPU
		{C7D19331-E934-4652-9DE2-6044D8E7C049}.Debug|Any CPU.Build.0 = Debug|Any CPU
		{C7D19331-E934-4652-9DE2-6044D8E7C049}.Debug|x64.ActiveCfg = Debug|Any CPU
		{C7D19331-E934-4652-9DE2-6044D8E7C049}.Debug|x64.Build.0 = Debug|Any CPU
		{C7D19331-E934-4652-9DE2-6044D8E7C049}.Debug|x86.ActiveCfg = Debug|Any CPU
		{C7D19331-E934-4652-9DE2-6044D8E7C049}.Debug|x86.Build.0 = Debug|Any CPU
		{C7D19331-E934-4652-9DE2-6044D8E7C049}.Release|Any CPU.ActiveCfg = Release|Any CPU
		{C7D19331-E934-4652-9DE2-6044D8E7C049}.Release|Any CPU.Build.0 = Release|Any CPU
		{C7D19331-E934-4652-9DE2-6044D8E7C049}.Release|x64.ActiveCfg = Release|Any CPU
		{C7D19331-E934-4652-9DE2-6044D8E7C049}.Release|x64.Build.0 = Release|Any CPU
		{C7D19331-E934-4652-9DE2-6044D8E7C049}.Release|x86.ActiveCfg = Release|Any CPU
		{C7D19331-E934-4652-9DE2-6044D8E7C049}.Release|x86.Build.0 = Release|Any CPU
		{B34733A4-7A80-40D2-B20D-B0DC2E96D6D8}.Debug|Any CPU.ActiveCfg = Debug|Any CPU
		{B34733A4-7A80-40D2-B20D-B0DC2E96D6D8}.Debug|Any CPU.Build.0 = Debug|Any CPU
		{B34733A4-7A80-40D2-B20D-B0DC2E96D6D8}.Debug|x64.ActiveCfg = Debug|Any CPU
		{B34733A4-7A80-40D2-B20D-B0DC2E96D6D8}.Debug|x64.Build.0 = Debug|Any CPU
		{B34733A4-7A80-40D2-B20D-B0DC2E96D6D8}.Debug|x86.ActiveCfg = Debug|Any CPU
		{B34733A4-7A80-40D2-B20D-B0DC2E96D6D8}.Debug|x86.Build.0 = Debug|Any CPU
		{B34733A4-7A80-40D2-B20D-B0DC2E96D6D8}.Release|Any CPU.ActiveCfg = Release|Any CPU
		{B34733A4-7A80-40D2-B20D-B0DC2E96D6D8}.Release|Any CPU.Build.0 = Release|Any CPU
		{B34733A4-7A80-40D2-B20D-B0DC2E96D6D8}.Release|x64.ActiveCfg = Release|Any CPU
		{B34733A4-7A80-40D2-B20D-B0DC2E96D6D8}.Release|x64.Build.0 = Release|Any CPU
		{B34733A4-7A80-40D2-B20D-B0DC2E96D6D8}.Release|x86.ActiveCfg = Release|Any CPU
		{B34733A4-7A80-40D2-B20D-B0DC2E96D6D8}.Release|x86.Build.0 = Release|Any CPU
		{C735B6F5-597E-4FB7-A79D-FAFB2C1CB843}.Debug|Any CPU.ActiveCfg = Debug|Any CPU
		{C735B6F5-597E-4FB7-A79D-FAFB2C1CB843}.Debug|Any CPU.Build.0 = Debug|Any CPU
		{C735B6F5-597E-4FB7-A79D-FAFB2C1CB843}.Debug|x64.ActiveCfg = Debug|Any CPU
		{C735B6F5-597E-4FB7-A79D-FAFB2C1CB843}.Debug|x64.Build.0 = Debug|Any CPU
		{C735B6F5-597E-4FB7-A79D-FAFB2C1CB843}.Debug|x86.ActiveCfg = Debug|Any CPU
		{C735B6F5-597E-4FB7-A79D-FAFB2C1CB843}.Debug|x86.Build.0 = Debug|Any CPU
		{C735B6F5-597E-4FB7-A79D-FAFB2C1CB843}.Release|Any CPU.ActiveCfg = Release|Any CPU
		{C735B6F5-597E-4FB7-A79D-FAFB2C1CB843}.Release|Any CPU.Build.0 = Release|Any CPU
		{C735B6F5-597E-4FB7-A79D-FAFB2C1CB843}.Release|x64.ActiveCfg = Release|Any CPU
		{C735B6F5-597E-4FB7-A79D-FAFB2C1CB843}.Release|x64.Build.0 = Release|Any CPU
		{C735B6F5-597E-4FB7-A79D-FAFB2C1CB843}.Release|x86.ActiveCfg = Release|Any CPU
		{C735B6F5-597E-4FB7-A79D-FAFB2C1CB843}.Release|x86.Build.0 = Release|Any CPU
		{EDA67DF7-DF35-4FED-9B65-613050031119}.Debug|Any CPU.ActiveCfg = Debug|Any CPU
		{EDA67DF7-DF35-4FED-9B65-613050031119}.Debug|Any CPU.Build.0 = Debug|Any CPU
		{EDA67DF7-DF35-4FED-9B65-613050031119}.Debug|x64.ActiveCfg = Debug|Any CPU
		{EDA67DF7-DF35-4FED-9B65-613050031119}.Debug|x64.Build.0 = Debug|Any CPU
		{EDA67DF7-DF35-4FED-9B65-613050031119}.Debug|x86.ActiveCfg = Debug|Any CPU
		{EDA67DF7-DF35-4FED-9B65-613050031119}.Debug|x86.Build.0 = Debug|Any CPU
		{EDA67DF7-DF35-4FED-9B65-613050031119}.Release|Any CPU.ActiveCfg = Release|Any CPU
		{EDA67DF7-DF35-4FED-9B65-613050031119}.Release|Any CPU.Build.0 = Release|Any CPU
		{EDA67DF7-DF35-4FED-9B65-613050031119}.Release|x64.ActiveCfg = Release|Any CPU
		{EDA67DF7-DF35-4FED-9B65-613050031119}.Release|x64.Build.0 = Release|Any CPU
		{EDA67DF7-DF35-4FED-9B65-613050031119}.Release|x86.ActiveCfg = Release|Any CPU
		{EDA67DF7-DF35-4FED-9B65-613050031119}.Release|x86.Build.0 = Release|Any CPU
		{CEE589E5-1FC4-47CE-B449-12A838878E16}.Debug|Any CPU.ActiveCfg = Debug|Any CPU
		{CEE589E5-1FC4-47CE-B449-12A838878E16}.Debug|Any CPU.Build.0 = Debug|Any CPU
		{CEE589E5-1FC4-47CE-B449-12A838878E16}.Debug|x64.ActiveCfg = Debug|Any CPU
		{CEE589E5-1FC4-47CE-B449-12A838878E16}.Debug|x64.Build.0 = Debug|Any CPU
		{CEE589E5-1FC4-47CE-B449-12A838878E16}.Debug|x86.ActiveCfg = Debug|Any CPU
		{CEE589E5-1FC4-47CE-B449-12A838878E16}.Debug|x86.Build.0 = Debug|Any CPU
		{CEE589E5-1FC4-47CE-B449-12A838878E16}.Release|Any CPU.ActiveCfg = Release|Any CPU
		{CEE589E5-1FC4-47CE-B449-12A838878E16}.Release|Any CPU.Build.0 = Release|Any CPU
		{CEE589E5-1FC4-47CE-B449-12A838878E16}.Release|x64.ActiveCfg = Release|Any CPU
		{CEE589E5-1FC4-47CE-B449-12A838878E16}.Release|x64.Build.0 = Release|Any CPU
		{CEE589E5-1FC4-47CE-B449-12A838878E16}.Release|x86.ActiveCfg = Release|Any CPU
		{CEE589E5-1FC4-47CE-B449-12A838878E16}.Release|x86.Build.0 = Release|Any CPU
		{A0BA3AFC-9564-4FC0-A46C-A788542A6122}.Debug|Any CPU.ActiveCfg = Debug|Any CPU
		{A0BA3AFC-9564-4FC0-A46C-A788542A6122}.Debug|Any CPU.Build.0 = Debug|Any CPU
		{A0BA3AFC-9564-4FC0-A46C-A788542A6122}.Debug|x64.ActiveCfg = Debug|Any CPU
		{A0BA3AFC-9564-4FC0-A46C-A788542A6122}.Debug|x64.Build.0 = Debug|Any CPU
		{A0BA3AFC-9564-4FC0-A46C-A788542A6122}.Debug|x86.ActiveCfg = Debug|Any CPU
		{A0BA3AFC-9564-4FC0-A46C-A788542A6122}.Debug|x86.Build.0 = Debug|Any CPU
		{A0BA3AFC-9564-4FC0-A46C-A788542A6122}.Release|Any CPU.ActiveCfg = Release|Any CPU
		{A0BA3AFC-9564-4FC0-A46C-A788542A6122}.Release|Any CPU.Build.0 = Release|Any CPU
		{A0BA3AFC-9564-4FC0-A46C-A788542A6122}.Release|x64.ActiveCfg = Release|Any CPU
		{A0BA3AFC-9564-4FC0-A46C-A788542A6122}.Release|x64.Build.0 = Release|Any CPU
		{A0BA3AFC-9564-4FC0-A46C-A788542A6122}.Release|x86.ActiveCfg = Release|Any CPU
		{A0BA3AFC-9564-4FC0-A46C-A788542A6122}.Release|x86.Build.0 = Release|Any CPU
		{BE6D9BC5-1082-4234-8412-CDB51A693DEA}.Debug|Any CPU.ActiveCfg = Debug|Any CPU
		{BE6D9BC5-1082-4234-8412-CDB51A693DEA}.Debug|Any CPU.Build.0 = Debug|Any CPU
		{BE6D9BC5-1082-4234-8412-CDB51A693DEA}.Debug|x64.ActiveCfg = Debug|Any CPU
		{BE6D9BC5-1082-4234-8412-CDB51A693DEA}.Debug|x64.Build.0 = Debug|Any CPU
		{BE6D9BC5-1082-4234-8412-CDB51A693DEA}.Debug|x86.ActiveCfg = Debug|Any CPU
		{BE6D9BC5-1082-4234-8412-CDB51A693DEA}.Debug|x86.Build.0 = Debug|Any CPU
		{BE6D9BC5-1082-4234-8412-CDB51A693DEA}.Release|Any CPU.ActiveCfg = Release|Any CPU
		{BE6D9BC5-1082-4234-8412-CDB51A693DEA}.Release|Any CPU.Build.0 = Release|Any CPU
		{BE6D9BC5-1082-4234-8412-CDB51A693DEA}.Release|x64.ActiveCfg = Release|Any CPU
		{BE6D9BC5-1082-4234-8412-CDB51A693DEA}.Release|x64.Build.0 = Release|Any CPU
		{BE6D9BC5-1082-4234-8412-CDB51A693DEA}.Release|x86.ActiveCfg = Release|Any CPU
		{BE6D9BC5-1082-4234-8412-CDB51A693DEA}.Release|x86.Build.0 = Release|Any CPU
		{8AF1C10B-25D1-491F-8495-90F0C1E12B32}.Debug|Any CPU.ActiveCfg = Debug|Any CPU
		{8AF1C10B-25D1-491F-8495-90F0C1E12B32}.Debug|Any CPU.Build.0 = Debug|Any CPU
		{8AF1C10B-25D1-491F-8495-90F0C1E12B32}.Debug|x64.ActiveCfg = Debug|Any CPU
		{8AF1C10B-25D1-491F-8495-90F0C1E12B32}.Debug|x64.Build.0 = Debug|Any CPU
		{8AF1C10B-25D1-491F-8495-90F0C1E12B32}.Debug|x86.ActiveCfg = Debug|Any CPU
		{8AF1C10B-25D1-491F-8495-90F0C1E12B32}.Debug|x86.Build.0 = Debug|Any CPU
		{8AF1C10B-25D1-491F-8495-90F0C1E12B32}.Release|Any CPU.ActiveCfg = Release|Any CPU
		{8AF1C10B-25D1-491F-8495-90F0C1E12B32}.Release|Any CPU.Build.0 = Release|Any CPU
		{8AF1C10B-25D1-491F-8495-90F0C1E12B32}.Release|x64.ActiveCfg = Release|Any CPU
		{8AF1C10B-25D1-491F-8495-90F0C1E12B32}.Release|x64.Build.0 = Release|Any CPU
		{8AF1C10B-25D1-491F-8495-90F0C1E12B32}.Release|x86.ActiveCfg = Release|Any CPU
		{8AF1C10B-25D1-491F-8495-90F0C1E12B32}.Release|x86.Build.0 = Release|Any CPU
		{F80D12AB-BFA5-4BB3-BA21-C733B8CDF578}.Debug|Any CPU.ActiveCfg = Debug|Any CPU
		{F80D12AB-BFA5-4BB3-BA21-C733B8CDF578}.Debug|Any CPU.Build.0 = Debug|Any CPU
		{F80D12AB-BFA5-4BB3-BA21-C733B8CDF578}.Debug|x64.ActiveCfg = Debug|Any CPU
		{F80D12AB-BFA5-4BB3-BA21-C733B8CDF578}.Debug|x64.Build.0 = Debug|Any CPU
		{F80D12AB-BFA5-4BB3-BA21-C733B8CDF578}.Debug|x86.ActiveCfg = Debug|Any CPU
		{F80D12AB-BFA5-4BB3-BA21-C733B8CDF578}.Debug|x86.Build.0 = Debug|Any CPU
		{F80D12AB-BFA5-4BB3-BA21-C733B8CDF578}.Release|Any CPU.ActiveCfg = Release|Any CPU
		{F80D12AB-BFA5-4BB3-BA21-C733B8CDF578}.Release|Any CPU.Build.0 = Release|Any CPU
		{F80D12AB-BFA5-4BB3-BA21-C733B8CDF578}.Release|x64.ActiveCfg = Release|Any CPU
		{F80D12AB-BFA5-4BB3-BA21-C733B8CDF578}.Release|x64.Build.0 = Release|Any CPU
		{F80D12AB-BFA5-4BB3-BA21-C733B8CDF578}.Release|x86.ActiveCfg = Release|Any CPU
		{F80D12AB-BFA5-4BB3-BA21-C733B8CDF578}.Release|x86.Build.0 = Release|Any CPU
		{92985A99-56EE-459F-A9C3-52A96EEC2197}.Debug|Any CPU.ActiveCfg = Debug|Any CPU
		{92985A99-56EE-459F-A9C3-52A96EEC2197}.Debug|Any CPU.Build.0 = Debug|Any CPU
		{92985A99-56EE-459F-A9C3-52A96EEC2197}.Debug|x64.ActiveCfg = Debug|Any CPU
		{92985A99-56EE-459F-A9C3-52A96EEC2197}.Debug|x64.Build.0 = Debug|Any CPU
		{92985A99-56EE-459F-A9C3-52A96EEC2197}.Debug|x86.ActiveCfg = Debug|Any CPU
		{92985A99-56EE-459F-A9C3-52A96EEC2197}.Debug|x86.Build.0 = Debug|Any CPU
		{92985A99-56EE-459F-A9C3-52A96EEC2197}.Release|Any CPU.ActiveCfg = Release|Any CPU
		{92985A99-56EE-459F-A9C3-52A96EEC2197}.Release|Any CPU.Build.0 = Release|Any CPU
		{92985A99-56EE-459F-A9C3-52A96EEC2197}.Release|x64.ActiveCfg = Release|Any CPU
		{92985A99-56EE-459F-A9C3-52A96EEC2197}.Release|x64.Build.0 = Release|Any CPU
		{92985A99-56EE-459F-A9C3-52A96EEC2197}.Release|x86.ActiveCfg = Release|Any CPU
		{92985A99-56EE-459F-A9C3-52A96EEC2197}.Release|x86.Build.0 = Release|Any CPU
		{67883725-7395-4074-BFEF-5B291DCAC03D}.Debug|Any CPU.ActiveCfg = Debug|Any CPU
		{67883725-7395-4074-BFEF-5B291DCAC03D}.Debug|Any CPU.Build.0 = Debug|Any CPU
		{67883725-7395-4074-BFEF-5B291DCAC03D}.Debug|x64.ActiveCfg = Debug|Any CPU
		{67883725-7395-4074-BFEF-5B291DCAC03D}.Debug|x64.Build.0 = Debug|Any CPU
		{67883725-7395-4074-BFEF-5B291DCAC03D}.Debug|x86.ActiveCfg = Debug|Any CPU
		{67883725-7395-4074-BFEF-5B291DCAC03D}.Debug|x86.Build.0 = Debug|Any CPU
		{67883725-7395-4074-BFEF-5B291DCAC03D}.Release|Any CPU.ActiveCfg = Release|Any CPU
		{67883725-7395-4074-BFEF-5B291DCAC03D}.Release|Any CPU.Build.0 = Release|Any CPU
		{67883725-7395-4074-BFEF-5B291DCAC03D}.Release|x64.ActiveCfg = Release|Any CPU
		{67883725-7395-4074-BFEF-5B291DCAC03D}.Release|x64.Build.0 = Release|Any CPU
		{67883725-7395-4074-BFEF-5B291DCAC03D}.Release|x86.ActiveCfg = Release|Any CPU
		{67883725-7395-4074-BFEF-5B291DCAC03D}.Release|x86.Build.0 = Release|Any CPU
	EndGlobalSection
EndGlobal
