
Microsoft Visual Studio Solution File, Format Version 12.00
# Visual Studio 15
VisualStudioVersion = 15.0.26124.0
MinimumVisualStudioVersion = 15.0.26124.0
Project("{FAE04EC0-301F-11D3-BF4B-00C04F79EFBC}") = "Penguin.Persistence.Repositories.EntityFramework.Local", "Penguin.Persistence.Repositories.EntityFramework.Local.csproj", "{B5249CF5-3325-4ABA-826C-F202567B3732}"
EndProject
Project("{FAE04EC0-301F-11D3-BF4B-00C04F79EFBC}") = "Penguin.Debugging.Local", "..\Penguin.Debugging\Penguin.Debugging.Local.csproj", "{D0B5275E-C44F-4D7F-B505-46C5797A509F}"
EndProject
Project("{FAE04EC0-301F-11D3-BF4B-00C04F79EFBC}") = "Penguin.Extensions.Exceptions.Local", "..\Penguin.Extensions.Exceptions\Penguin.Extensions.Exceptions.Local.csproj", "{CB146DE5-F172-4427-88B1-DEB0DB2DF32D}"
EndProject
Project("{FAE04EC0-301F-11D3-BF4B-00C04F79EFBC}") = "Penguin.DependencyInjection.Abstractions.Local", "..\Penguin.DependencyInjection.Abstractions\Penguin.DependencyInjection.Abstractions.Local.csproj", "{02384247-8EBE-4322-8060-0E9B42F26869}"
EndProject
Project("{FAE04EC0-301F-11D3-BF4B-00C04F79EFBC}") = "Penguin.Extensions.String.Local", "..\Penguin.Extensions.String\Penguin.Extensions.String.Local.csproj", "{2B6209D3-826D-46AF-BE60-FF8DA360EE18}"
EndProject
Project("{FAE04EC0-301F-11D3-BF4B-00C04F79EFBC}") = "Penguin.Messaging.Logging.Local", "..\Penguin.Messaging.Logging\Penguin.Messaging.Logging.Local.csproj", "{B775C801-BDAD-4DBA-8DF4-43DA1D42CA16}"
EndProject
Project("{FAE04EC0-301F-11D3-BF4B-00C04F79EFBC}") = "Penguin.Messaging.Abstractions.Local", "..\Penguin.Messaging.Abstractions\Penguin.Messaging.Abstractions.Local.csproj", "{AB60D023-4C7B-4C93-AD1E-79829750CF3B}"
EndProject
Project("{FAE04EC0-301F-11D3-BF4B-00C04F79EFBC}") = "Penguin.Messaging.Core.Local", "..\Penguin.Messaging.Core\Penguin.Messaging.Core.Local.csproj", "{19ACB461-5866-4354-A861-D0C2B80728B0}"
EndProject
Project("{FAE04EC0-301F-11D3-BF4B-00C04F79EFBC}") = "Penguin.Messaging.Persistence.Local", "..\Penguin.Messaging.Persistence\Penguin.Messaging.Persistence.Local.csproj", "{15091276-5ECB-47BF-95F2-E31A25537A4A}"
EndProject
Project("{FAE04EC0-301F-11D3-BF4B-00C04F79EFBC}") = "Penguin.Persistence.Abstractions.Local", "..\Penguin.Persistence.Abstractions\Penguin.Persistence.Abstractions.Local.csproj", "{D5B8C69B-7397-4775-90AF-C78B2A48AE96}"
EndProject
Project("{FAE04EC0-301F-11D3-BF4B-00C04F79EFBC}") = "Penguin.Entities.Abstractions.Local", "..\Penguin.Entities.Abstractions\Penguin.Entities.Abstractions.Local.csproj", "{709E0787-D255-40EF-BA9A-9108EE5C00B7}"
EndProject
Project("{FAE04EC0-301F-11D3-BF4B-00C04F79EFBC}") = "Penguin.Reflection.Extensions.Local", "..\Penguin.Reflection.Extensions\Penguin.Reflection.Extensions.Local.csproj", "{3E1E2E35-AA60-47D7-B127-1E47845C271A}"
EndProject
Project("{FAE04EC0-301F-11D3-BF4B-00C04F79EFBC}") = "Penguin.Reflection.Abstractions.Local", "..\Penguin.Reflection.Abstractions\Penguin.Reflection.Abstractions.Local.csproj", "{EA328D46-5F87-4EDF-8290-2253734B2004}"
EndProject
Project("{FAE04EC0-301F-11D3-BF4B-00C04F79EFBC}") = "Penguin.Persistence.EntityFramework.Local", "..\Penguin.Persistence.EntityFramework\Penguin.Persistence.EntityFramework.Local.csproj", "{6D92F4BD-E702-4D50-B110-50DD421C1E72}"
EndProject
Project("{FAE04EC0-301F-11D3-BF4B-00C04F79EFBC}") = "Penguin.Cms.Entities.Local", "..\Penguin.Cms.Entities\Penguin.Cms.Entities.Local.csproj", "{70C4370D-6BF6-406A-8939-049CED677FAA}"
EndProject
Project("{FAE04EC0-301F-11D3-BF4B-00C04F79EFBC}") = "Penguin.Reflection.Local", "..\Penguin.Reflection\Penguin.Reflection.Local.csproj", "{0578A5F8-C49F-4477-BE80-DA1DF9E0A1C5}"
EndProject
Global
	GlobalSection(SolutionConfigurationPlatforms) = preSolution
		Debug|Any CPU = Debug|Any CPU
		Debug|x64 = Debug|x64
		Debug|x86 = Debug|x86
		Release|Any CPU = Release|Any CPU
		Release|x64 = Release|x64
		Release|x86 = Release|x86
	EndGlobalSection
	GlobalSection(SolutionProperties) = preSolution
		HideSolutionNode = FALSE
	EndGlobalSection
	GlobalSection(ProjectConfigurationPlatforms) = postSolution
		{B5249CF5-3325-4ABA-826C-F202567B3732}.Debug|Any CPU.ActiveCfg = Debug|Any CPU
		{B5249CF5-3325-4ABA-826C-F202567B3732}.Debug|Any CPU.Build.0 = Debug|Any CPU
		{B5249CF5-3325-4ABA-826C-F202567B3732}.Debug|x64.ActiveCfg = Debug|Any CPU
		{B5249CF5-3325-4ABA-826C-F202567B3732}.Debug|x64.Build.0 = Debug|Any CPU
		{B5249CF5-3325-4ABA-826C-F202567B3732}.Debug|x86.ActiveCfg = Debug|Any CPU
		{B5249CF5-3325-4ABA-826C-F202567B3732}.Debug|x86.Build.0 = Debug|Any CPU
		{B5249CF5-3325-4ABA-826C-F202567B3732}.Release|Any CPU.ActiveCfg = Release|Any CPU
		{B5249CF5-3325-4ABA-826C-F202567B3732}.Release|Any CPU.Build.0 = Release|Any CPU
		{B5249CF5-3325-4ABA-826C-F202567B3732}.Release|x64.ActiveCfg = Release|Any CPU
		{B5249CF5-3325-4ABA-826C-F202567B3732}.Release|x64.Build.0 = Release|Any CPU
		{B5249CF5-3325-4ABA-826C-F202567B3732}.Release|x86.ActiveCfg = Release|Any CPU
		{B5249CF5-3325-4ABA-826C-F202567B3732}.Release|x86.Build.0 = Release|Any CPU
		{D0B5275E-C44F-4D7F-B505-46C5797A509F}.Debug|Any CPU.ActiveCfg = Debug|Any CPU
		{D0B5275E-C44F-4D7F-B505-46C5797A509F}.Debug|Any CPU.Build.0 = Debug|Any CPU
		{D0B5275E-C44F-4D7F-B505-46C5797A509F}.Debug|x64.ActiveCfg = Debug|Any CPU
		{D0B5275E-C44F-4D7F-B505-46C5797A509F}.Debug|x64.Build.0 = Debug|Any CPU
		{D0B5275E-C44F-4D7F-B505-46C5797A509F}.Debug|x86.ActiveCfg = Debug|Any CPU
		{D0B5275E-C44F-4D7F-B505-46C5797A509F}.Debug|x86.Build.0 = Debug|Any CPU
		{D0B5275E-C44F-4D7F-B505-46C5797A509F}.Release|Any CPU.ActiveCfg = Release|Any CPU
		{D0B5275E-C44F-4D7F-B505-46C5797A509F}.Release|Any CPU.Build.0 = Release|Any CPU
		{D0B5275E-C44F-4D7F-B505-46C5797A509F}.Release|x64.ActiveCfg = Release|Any CPU
		{D0B5275E-C44F-4D7F-B505-46C5797A509F}.Release|x64.Build.0 = Release|Any CPU
		{D0B5275E-C44F-4D7F-B505-46C5797A509F}.Release|x86.ActiveCfg = Release|Any CPU
		{D0B5275E-C44F-4D7F-B505-46C5797A509F}.Release|x86.Build.0 = Release|Any CPU
		{CB146DE5-F172-4427-88B1-DEB0DB2DF32D}.Debug|Any CPU.ActiveCfg = Debug|Any CPU
		{CB146DE5-F172-4427-88B1-DEB0DB2DF32D}.Debug|Any CPU.Build.0 = Debug|Any CPU
		{CB146DE5-F172-4427-88B1-DEB0DB2DF32D}.Debug|x64.ActiveCfg = Debug|Any CPU
		{CB146DE5-F172-4427-88B1-DEB0DB2DF32D}.Debug|x64.Build.0 = Debug|Any CPU
		{CB146DE5-F172-4427-88B1-DEB0DB2DF32D}.Debug|x86.ActiveCfg = Debug|Any CPU
		{CB146DE5-F172-4427-88B1-DEB0DB2DF32D}.Debug|x86.Build.0 = Debug|Any CPU
		{CB146DE5-F172-4427-88B1-DEB0DB2DF32D}.Release|Any CPU.ActiveCfg = Release|Any CPU
		{CB146DE5-F172-4427-88B1-DEB0DB2DF32D}.Release|Any CPU.Build.0 = Release|Any CPU
		{CB146DE5-F172-4427-88B1-DEB0DB2DF32D}.Release|x64.ActiveCfg = Release|Any CPU
		{CB146DE5-F172-4427-88B1-DEB0DB2DF32D}.Release|x64.Build.0 = Release|Any CPU
		{CB146DE5-F172-4427-88B1-DEB0DB2DF32D}.Release|x86.ActiveCfg = Release|Any CPU
		{CB146DE5-F172-4427-88B1-DEB0DB2DF32D}.Release|x86.Build.0 = Release|Any CPU
		{02384247-8EBE-4322-8060-0E9B42F26869}.Debug|Any CPU.ActiveCfg = Debug|Any CPU
		{02384247-8EBE-4322-8060-0E9B42F26869}.Debug|Any CPU.Build.0 = Debug|Any CPU
		{02384247-8EBE-4322-8060-0E9B42F26869}.Debug|x64.ActiveCfg = Debug|Any CPU
		{02384247-8EBE-4322-8060-0E9B42F26869}.Debug|x64.Build.0 = Debug|Any CPU
		{02384247-8EBE-4322-8060-0E9B42F26869}.Debug|x86.ActiveCfg = Debug|Any CPU
		{02384247-8EBE-4322-8060-0E9B42F26869}.Debug|x86.Build.0 = Debug|Any CPU
		{02384247-8EBE-4322-8060-0E9B42F26869}.Release|Any CPU.ActiveCfg = Release|Any CPU
		{02384247-8EBE-4322-8060-0E9B42F26869}.Release|Any CPU.Build.0 = Release|Any CPU
		{02384247-8EBE-4322-8060-0E9B42F26869}.Release|x64.ActiveCfg = Release|Any CPU
		{02384247-8EBE-4322-8060-0E9B42F26869}.Release|x64.Build.0 = Release|Any CPU
		{02384247-8EBE-4322-8060-0E9B42F26869}.Release|x86.ActiveCfg = Release|Any CPU
		{02384247-8EBE-4322-8060-0E9B42F26869}.Release|x86.Build.0 = Release|Any CPU
		{2B6209D3-826D-46AF-BE60-FF8DA360EE18}.Debug|Any CPU.ActiveCfg = Debug|Any CPU
		{2B6209D3-826D-46AF-BE60-FF8DA360EE18}.Debug|Any CPU.Build.0 = Debug|Any CPU
		{2B6209D3-826D-46AF-BE60-FF8DA360EE18}.Debug|x64.ActiveCfg = Debug|Any CPU
		{2B6209D3-826D-46AF-BE60-FF8DA360EE18}.Debug|x64.Build.0 = Debug|Any CPU
		{2B6209D3-826D-46AF-BE60-FF8DA360EE18}.Debug|x86.ActiveCfg = Debug|Any CPU
		{2B6209D3-826D-46AF-BE60-FF8DA360EE18}.Debug|x86.Build.0 = Debug|Any CPU
		{2B6209D3-826D-46AF-BE60-FF8DA360EE18}.Release|Any CPU.ActiveCfg = Release|Any CPU
		{2B6209D3-826D-46AF-BE60-FF8DA360EE18}.Release|Any CPU.Build.0 = Release|Any CPU
		{2B6209D3-826D-46AF-BE60-FF8DA360EE18}.Release|x64.ActiveCfg = Release|Any CPU
		{2B6209D3-826D-46AF-BE60-FF8DA360EE18}.Release|x64.Build.0 = Release|Any CPU
		{2B6209D3-826D-46AF-BE60-FF8DA360EE18}.Release|x86.ActiveCfg = Release|Any CPU
		{2B6209D3-826D-46AF-BE60-FF8DA360EE18}.Release|x86.Build.0 = Release|Any CPU
		{B775C801-BDAD-4DBA-8DF4-43DA1D42CA16}.Debug|Any CPU.ActiveCfg = Debug|Any CPU
		{B775C801-BDAD-4DBA-8DF4-43DA1D42CA16}.Debug|Any CPU.Build.0 = Debug|Any CPU
		{B775C801-BDAD-4DBA-8DF4-43DA1D42CA16}.Debug|x64.ActiveCfg = Debug|Any CPU
		{B775C801-BDAD-4DBA-8DF4-43DA1D42CA16}.Debug|x64.Build.0 = Debug|Any CPU
		{B775C801-BDAD-4DBA-8DF4-43DA1D42CA16}.Debug|x86.ActiveCfg = Debug|Any CPU
		{B775C801-BDAD-4DBA-8DF4-43DA1D42CA16}.Debug|x86.Build.0 = Debug|Any CPU
		{B775C801-BDAD-4DBA-8DF4-43DA1D42CA16}.Release|Any CPU.ActiveCfg = Release|Any CPU
		{B775C801-BDAD-4DBA-8DF4-43DA1D42CA16}.Release|Any CPU.Build.0 = Release|Any CPU
		{B775C801-BDAD-4DBA-8DF4-43DA1D42CA16}.Release|x64.ActiveCfg = Release|Any CPU
		{B775C801-BDAD-4DBA-8DF4-43DA1D42CA16}.Release|x64.Build.0 = Release|Any CPU
		{B775C801-BDAD-4DBA-8DF4-43DA1D42CA16}.Release|x86.ActiveCfg = Release|Any CPU
		{B775C801-BDAD-4DBA-8DF4-43DA1D42CA16}.Release|x86.Build.0 = Release|Any CPU
		{AB60D023-4C7B-4C93-AD1E-79829750CF3B}.Debug|Any CPU.ActiveCfg = Debug|Any CPU
		{AB60D023-4C7B-4C93-AD1E-79829750CF3B}.Debug|Any CPU.Build.0 = Debug|Any CPU
		{AB60D023-4C7B-4C93-AD1E-79829750CF3B}.Debug|x64.ActiveCfg = Debug|Any CPU
		{AB60D023-4C7B-4C93-AD1E-79829750CF3B}.Debug|x64.Build.0 = Debug|Any CPU
		{AB60D023-4C7B-4C93-AD1E-79829750CF3B}.Debug|x86.ActiveCfg = Debug|Any CPU
		{AB60D023-4C7B-4C93-AD1E-79829750CF3B}.Debug|x86.Build.0 = Debug|Any CPU
		{AB60D023-4C7B-4C93-AD1E-79829750CF3B}.Release|Any CPU.ActiveCfg = Release|Any CPU
		{AB60D023-4C7B-4C93-AD1E-79829750CF3B}.Release|Any CPU.Build.0 = Release|Any CPU
		{AB60D023-4C7B-4C93-AD1E-79829750CF3B}.Release|x64.ActiveCfg = Release|Any CPU
		{AB60D023-4C7B-4C93-AD1E-79829750CF3B}.Release|x64.Build.0 = Release|Any CPU
		{AB60D023-4C7B-4C93-AD1E-79829750CF3B}.Release|x86.ActiveCfg = Release|Any CPU
		{AB60D023-4C7B-4C93-AD1E-79829750CF3B}.Release|x86.Build.0 = Release|Any CPU
		{19ACB461-5866-4354-A861-D0C2B80728B0}.Debug|Any CPU.ActiveCfg = Debug|Any CPU
		{19ACB461-5866-4354-A861-D0C2B80728B0}.Debug|Any CPU.Build.0 = Debug|Any CPU
		{19ACB461-5866-4354-A861-D0C2B80728B0}.Debug|x64.ActiveCfg = Debug|Any CPU
		{19ACB461-5866-4354-A861-D0C2B80728B0}.Debug|x64.Build.0 = Debug|Any CPU
		{19ACB461-5866-4354-A861-D0C2B80728B0}.Debug|x86.ActiveCfg = Debug|Any CPU
		{19ACB461-5866-4354-A861-D0C2B80728B0}.Debug|x86.Build.0 = Debug|Any CPU
		{19ACB461-5866-4354-A861-D0C2B80728B0}.Release|Any CPU.ActiveCfg = Release|Any CPU
		{19ACB461-5866-4354-A861-D0C2B80728B0}.Release|Any CPU.Build.0 = Release|Any CPU
		{19ACB461-5866-4354-A861-D0C2B80728B0}.Release|x64.ActiveCfg = Release|Any CPU
		{19ACB461-5866-4354-A861-D0C2B80728B0}.Release|x64.Build.0 = Release|Any CPU
		{19ACB461-5866-4354-A861-D0C2B80728B0}.Release|x86.ActiveCfg = Release|Any CPU
		{19ACB461-5866-4354-A861-D0C2B80728B0}.Release|x86.Build.0 = Release|Any CPU
		{15091276-5ECB-47BF-95F2-E31A25537A4A}.Debug|Any CPU.ActiveCfg = Debug|Any CPU
		{15091276-5ECB-47BF-95F2-E31A25537A4A}.Debug|Any CPU.Build.0 = Debug|Any CPU
		{15091276-5ECB-47BF-95F2-E31A25537A4A}.Debug|x64.ActiveCfg = Debug|Any CPU
		{15091276-5ECB-47BF-95F2-E31A25537A4A}.Debug|x64.Build.0 = Debug|Any CPU
		{15091276-5ECB-47BF-95F2-E31A25537A4A}.Debug|x86.ActiveCfg = Debug|Any CPU
		{15091276-5ECB-47BF-95F2-E31A25537A4A}.Debug|x86.Build.0 = Debug|Any CPU
		{15091276-5ECB-47BF-95F2-E31A25537A4A}.Release|Any CPU.ActiveCfg = Release|Any CPU
		{15091276-5ECB-47BF-95F2-E31A25537A4A}.Release|Any CPU.Build.0 = Release|Any CPU
		{15091276-5ECB-47BF-95F2-E31A25537A4A}.Release|x64.ActiveCfg = Release|Any CPU
		{15091276-5ECB-47BF-95F2-E31A25537A4A}.Release|x64.Build.0 = Release|Any CPU
		{15091276-5ECB-47BF-95F2-E31A25537A4A}.Release|x86.ActiveCfg = Release|Any CPU
		{15091276-5ECB-47BF-95F2-E31A25537A4A}.Release|x86.Build.0 = Release|Any CPU
		{D5B8C69B-7397-4775-90AF-C78B2A48AE96}.Debug|Any CPU.ActiveCfg = Debug|Any CPU
		{D5B8C69B-7397-4775-90AF-C78B2A48AE96}.Debug|Any CPU.Build.0 = Debug|Any CPU
		{D5B8C69B-7397-4775-90AF-C78B2A48AE96}.Debug|x64.ActiveCfg = Debug|Any CPU
		{D5B8C69B-7397-4775-90AF-C78B2A48AE96}.Debug|x64.Build.0 = Debug|Any CPU
		{D5B8C69B-7397-4775-90AF-C78B2A48AE96}.Debug|x86.ActiveCfg = Debug|Any CPU
		{D5B8C69B-7397-4775-90AF-C78B2A48AE96}.Debug|x86.Build.0 = Debug|Any CPU
		{D5B8C69B-7397-4775-90AF-C78B2A48AE96}.Release|Any CPU.ActiveCfg = Release|Any CPU
		{D5B8C69B-7397-4775-90AF-C78B2A48AE96}.Release|Any CPU.Build.0 = Release|Any CPU
		{D5B8C69B-7397-4775-90AF-C78B2A48AE96}.Release|x64.ActiveCfg = Release|Any CPU
		{D5B8C69B-7397-4775-90AF-C78B2A48AE96}.Release|x64.Build.0 = Release|Any CPU
		{D5B8C69B-7397-4775-90AF-C78B2A48AE96}.Release|x86.ActiveCfg = Release|Any CPU
		{D5B8C69B-7397-4775-90AF-C78B2A48AE96}.Release|x86.Build.0 = Release|Any CPU
		{709E0787-D255-40EF-BA9A-9108EE5C00B7}.Debug|Any CPU.ActiveCfg = Debug|Any CPU
		{709E0787-D255-40EF-BA9A-9108EE5C00B7}.Debug|Any CPU.Build.0 = Debug|Any CPU
		{709E0787-D255-40EF-BA9A-9108EE5C00B7}.Debug|x64.ActiveCfg = Debug|Any CPU
		{709E0787-D255-40EF-BA9A-9108EE5C00B7}.Debug|x64.Build.0 = Debug|Any CPU
		{709E0787-D255-40EF-BA9A-9108EE5C00B7}.Debug|x86.ActiveCfg = Debug|Any CPU
		{709E0787-D255-40EF-BA9A-9108EE5C00B7}.Debug|x86.Build.0 = Debug|Any CPU
		{709E0787-D255-40EF-BA9A-9108EE5C00B7}.Release|Any CPU.ActiveCfg = Release|Any CPU
		{709E0787-D255-40EF-BA9A-9108EE5C00B7}.Release|Any CPU.Build.0 = Release|Any CPU
		{709E0787-D255-40EF-BA9A-9108EE5C00B7}.Release|x64.ActiveCfg = Release|Any CPU
		{709E0787-D255-40EF-BA9A-9108EE5C00B7}.Release|x64.Build.0 = Release|Any CPU
		{709E0787-D255-40EF-BA9A-9108EE5C00B7}.Release|x86.ActiveCfg = Release|Any CPU
		{709E0787-D255-40EF-BA9A-9108EE5C00B7}.Release|x86.Build.0 = Release|Any CPU
		{3E1E2E35-AA60-47D7-B127-1E47845C271A}.Debug|Any CPU.ActiveCfg = Debug|Any CPU
		{3E1E2E35-AA60-47D7-B127-1E47845C271A}.Debug|Any CPU.Build.0 = Debug|Any CPU
		{3E1E2E35-AA60-47D7-B127-1E47845C271A}.Debug|x64.ActiveCfg = Debug|Any CPU
		{3E1E2E35-AA60-47D7-B127-1E47845C271A}.Debug|x64.Build.0 = Debug|Any CPU
		{3E1E2E35-AA60-47D7-B127-1E47845C271A}.Debug|x86.ActiveCfg = Debug|Any CPU
		{3E1E2E35-AA60-47D7-B127-1E47845C271A}.Debug|x86.Build.0 = Debug|Any CPU
		{3E1E2E35-AA60-47D7-B127-1E47845C271A}.Release|Any CPU.ActiveCfg = Release|Any CPU
		{3E1E2E35-AA60-47D7-B127-1E47845C271A}.Release|Any CPU.Build.0 = Release|Any CPU
		{3E1E2E35-AA60-47D7-B127-1E47845C271A}.Release|x64.ActiveCfg = Release|Any CPU
		{3E1E2E35-AA60-47D7-B127-1E47845C271A}.Release|x64.Build.0 = Release|Any CPU
		{3E1E2E35-AA60-47D7-B127-1E47845C271A}.Release|x86.ActiveCfg = Release|Any CPU
		{3E1E2E35-AA60-47D7-B127-1E47845C271A}.Release|x86.Build.0 = Release|Any CPU
		{EA328D46-5F87-4EDF-8290-2253734B2004}.Debug|Any CPU.ActiveCfg = Debug|Any CPU
		{EA328D46-5F87-4EDF-8290-2253734B2004}.Debug|Any CPU.Build.0 = Debug|Any CPU
		{EA328D46-5F87-4EDF-8290-2253734B2004}.Debug|x64.ActiveCfg = Debug|Any CPU
		{EA328D46-5F87-4EDF-8290-2253734B2004}.Debug|x64.Build.0 = Debug|Any CPU
		{EA328D46-5F87-4EDF-8290-2253734B2004}.Debug|x86.ActiveCfg = Debug|Any CPU
		{EA328D46-5F87-4EDF-8290-2253734B2004}.Debug|x86.Build.0 = Debug|Any CPU
		{EA328D46-5F87-4EDF-8290-2253734B2004}.Release|Any CPU.ActiveCfg = Release|Any CPU
		{EA328D46-5F87-4EDF-8290-2253734B2004}.Release|Any CPU.Build.0 = Release|Any CPU
		{EA328D46-5F87-4EDF-8290-2253734B2004}.Release|x64.ActiveCfg = Release|Any CPU
		{EA328D46-5F87-4EDF-8290-2253734B2004}.Release|x64.Build.0 = Release|Any CPU
		{EA328D46-5F87-4EDF-8290-2253734B2004}.Release|x86.ActiveCfg = Release|Any CPU
		{EA328D46-5F87-4EDF-8290-2253734B2004}.Release|x86.Build.0 = Release|Any CPU
		{6D92F4BD-E702-4D50-B110-50DD421C1E72}.Debug|Any CPU.ActiveCfg = Debug|Any CPU
		{6D92F4BD-E702-4D50-B110-50DD421C1E72}.Debug|Any CPU.Build.0 = Debug|Any CPU
		{6D92F4BD-E702-4D50-B110-50DD421C1E72}.Debug|x64.ActiveCfg = Debug|Any CPU
		{6D92F4BD-E702-4D50-B110-50DD421C1E72}.Debug|x64.Build.0 = Debug|Any CPU
		{6D92F4BD-E702-4D50-B110-50DD421C1E72}.Debug|x86.ActiveCfg = Debug|Any CPU
		{6D92F4BD-E702-4D50-B110-50DD421C1E72}.Debug|x86.Build.0 = Debug|Any CPU
		{6D92F4BD-E702-4D50-B110-50DD421C1E72}.Release|Any CPU.ActiveCfg = Release|Any CPU
		{6D92F4BD-E702-4D50-B110-50DD421C1E72}.Release|Any CPU.Build.0 = Release|Any CPU
		{6D92F4BD-E702-4D50-B110-50DD421C1E72}.Release|x64.ActiveCfg = Release|Any CPU
		{6D92F4BD-E702-4D50-B110-50DD421C1E72}.Release|x64.Build.0 = Release|Any CPU
		{6D92F4BD-E702-4D50-B110-50DD421C1E72}.Release|x86.ActiveCfg = Release|Any CPU
		{6D92F4BD-E702-4D50-B110-50DD421C1E72}.Release|x86.Build.0 = Release|Any CPU
		{70C4370D-6BF6-406A-8939-049CED677FAA}.Debug|Any CPU.ActiveCfg = Debug|Any CPU
		{70C4370D-6BF6-406A-8939-049CED677FAA}.Debug|Any CPU.Build.0 = Debug|Any CPU
		{70C4370D-6BF6-406A-8939-049CED677FAA}.Debug|x64.ActiveCfg = Debug|Any CPU
		{70C4370D-6BF6-406A-8939-049CED677FAA}.Debug|x64.Build.0 = Debug|Any CPU
		{70C4370D-6BF6-406A-8939-049CED677FAA}.Debug|x86.ActiveCfg = Debug|Any CPU
		{70C4370D-6BF6-406A-8939-049CED677FAA}.Debug|x86.Build.0 = Debug|Any CPU
		{70C4370D-6BF6-406A-8939-049CED677FAA}.Release|Any CPU.ActiveCfg = Release|Any CPU
		{70C4370D-6BF6-406A-8939-049CED677FAA}.Release|Any CPU.Build.0 = Release|Any CPU
		{70C4370D-6BF6-406A-8939-049CED677FAA}.Release|x64.ActiveCfg = Release|Any CPU
		{70C4370D-6BF6-406A-8939-049CED677FAA}.Release|x64.Build.0 = Release|Any CPU
		{70C4370D-6BF6-406A-8939-049CED677FAA}.Release|x86.ActiveCfg = Release|Any CPU
		{70C4370D-6BF6-406A-8939-049CED677FAA}.Release|x86.Build.0 = Release|Any CPU
		{0578A5F8-C49F-4477-BE80-DA1DF9E0A1C5}.Debug|Any CPU.ActiveCfg = Debug|Any CPU
		{0578A5F8-C49F-4477-BE80-DA1DF9E0A1C5}.Debug|Any CPU.Build.0 = Debug|Any CPU
		{0578A5F8-C49F-4477-BE80-DA1DF9E0A1C5}.Debug|x64.ActiveCfg = Debug|Any CPU
		{0578A5F8-C49F-4477-BE80-DA1DF9E0A1C5}.Debug|x64.Build.0 = Debug|Any CPU
		{0578A5F8-C49F-4477-BE80-DA1DF9E0A1C5}.Debug|x86.ActiveCfg = Debug|Any CPU
		{0578A5F8-C49F-4477-BE80-DA1DF9E0A1C5}.Debug|x86.Build.0 = Debug|Any CPU
		{0578A5F8-C49F-4477-BE80-DA1DF9E0A1C5}.Release|Any CPU.ActiveCfg = Release|Any CPU
		{0578A5F8-C49F-4477-BE80-DA1DF9E0A1C5}.Release|Any CPU.Build.0 = Release|Any CPU
		{0578A5F8-C49F-4477-BE80-DA1DF9E0A1C5}.Release|x64.ActiveCfg = Release|Any CPU
		{0578A5F8-C49F-4477-BE80-DA1DF9E0A1C5}.Release|x64.Build.0 = Release|Any CPU
		{0578A5F8-C49F-4477-BE80-DA1DF9E0A1C5}.Release|x86.ActiveCfg = Release|Any CPU
		{0578A5F8-C49F-4477-BE80-DA1DF9E0A1C5}.Release|x86.Build.0 = Release|Any CPU
	EndGlobalSection
EndGlobal
