
Microsoft Visual Studio Solution File, Format Version 12.00
# Visual Studio Version 16
VisualStudioVersion = 16.0.30114.105
MinimumVisualStudioVersion = 10.0.40219.1
Project("{FAE04EC0-301F-11D3-BF4B-00C04F79EFBC}") = "Penguin.Persistence.Repositories.EntityFramework.Local", "Penguin.Persistence.Repositories.EntityFramework.Local.csproj", "{E4A29A94-2536-4CDE-A34A-E2D4466785E7}"
EndProject
Project("{FAE04EC0-301F-11D3-BF4B-00C04F79EFBC}") = "Penguin.Messaging.Persistence.Local", "..\Penguin.Messaging.Persistence\Penguin.Messaging.Persistence.Local.csproj", "{7D10E743-50F9-45E2-9A62-0FDCC2E1C69B}"
EndProject
Project("{FAE04EC0-301F-11D3-BF4B-00C04F79EFBC}") = "Penguin.Messaging.Abstractions.Local", "..\Penguin.Messaging.Abstractions\Penguin.Messaging.Abstractions.Local.csproj", "{B76B7AAF-2EF2-492C-9323-90722B845A48}"
EndProject
Project("{FAE04EC0-301F-11D3-BF4B-00C04F79EFBC}") = "Penguin.Extensions.Collections.Local", "..\Penguin.Extensions.Collections\Penguin.Extensions.Collections.Local.csproj", "{7C7DEED0-AB44-4A7D-A0AF-BF3E6A70D6FD}"
EndProject
Project("{FAE04EC0-301F-11D3-BF4B-00C04F79EFBC}") = "Penguin.Reflection.Extensions.Local", "..\Penguin.Reflection.Extensions\Penguin.Reflection.Extensions.Local.csproj", "{D3B01A7F-B2AE-4E8B-9FEF-564AC8FE00AF}"
EndProject
Project("{FAE04EC0-301F-11D3-BF4B-00C04F79EFBC}") = "Penguin.Reflection.Abstractions.Local", "..\Penguin.Reflection.Abstractions\Penguin.Reflection.Abstractions.Local.csproj", "{A27A0EAA-AD62-4D59-A4F4-ABA4806D28F9}"
EndProject
Project("{FAE04EC0-301F-11D3-BF4B-00C04F79EFBC}") = "Penguin.Extensions.String.Local", "..\Penguin.Extensions.String\Penguin.Extensions.String.Local.csproj", "{A77A4CBA-8559-4045-8410-CB3EA384B4EF}"
EndProject
Project("{FAE04EC0-301F-11D3-BF4B-00C04F79EFBC}") = "Penguin.Messaging.Logging.Local", "..\Penguin.Messaging.Logging\Penguin.Messaging.Logging.Local.csproj", "{7A592872-3A27-4459-B242-A67A1636AD5F}"
EndProject
Project("{FAE04EC0-301F-11D3-BF4B-00C04F79EFBC}") = "Penguin.Messaging.Core.Local", "..\Penguin.Messaging.Core\Penguin.Messaging.Core.Local.csproj", "{9D2ECDA0-77BA-47D2-8CDA-4EE0AEFE1492}"
EndProject
Project("{FAE04EC0-301F-11D3-BF4B-00C04F79EFBC}") = "Penguin.Debugging.Local", "..\Penguin.Debugging\Penguin.Debugging.Local.csproj", "{521DE0E7-0D70-47FC-B439-9332C481553B}"
EndProject
Project("{FAE04EC0-301F-11D3-BF4B-00C04F79EFBC}") = "Penguin.Extensions.Exceptions.Local", "..\Penguin.Extensions.Exceptions\Penguin.Extensions.Exceptions.Local.csproj", "{158B40C7-A63B-4DF7-B919-0F48C48D0D57}"
EndProject
Project("{FAE04EC0-301F-11D3-BF4B-00C04F79EFBC}") = "Penguin.FileStreams.Local", "..\Penguin.FileStreams\Penguin.FileStreams.Local.csproj", "{B885E5CB-0C68-4CF3-BE28-733C108D8EE8}"
EndProject
Project("{FAE04EC0-301F-11D3-BF4B-00C04F79EFBC}") = "Penguin.Persistence.EntityFramework.Local", "..\Penguin.Persistence.EntityFramework\Penguin.Persistence.EntityFramework.Local.csproj", "{A3D4FBA3-D281-4523-8C95-509F23281953}"
EndProject
Project("{FAE04EC0-301F-11D3-BF4B-00C04F79EFBC}") = "Penguin.DependencyInjection.Abstractions.Local", "..\Penguin.DependencyInjection.Abstractions\Penguin.DependencyInjection.Abstractions.Local.csproj", "{01E1DBC1-E0FE-456C-BF9B-61B755884BE0}"
EndProject
Project("{FAE04EC0-301F-11D3-BF4B-00C04F79EFBC}") = "Penguin.Cms.Entities.Local", "..\Penguin.Cms.Entities\Penguin.Cms.Entities.Local.csproj", "{5FE3FC7B-C48E-49A0-8445-D669063E7C63}"
EndProject
Project("{FAE04EC0-301F-11D3-BF4B-00C04F79EFBC}") = "Penguin.Persistence.Abstractions.Local", "..\Penguin.Persistence.Abstractions\Penguin.Persistence.Abstractions.Local.csproj", "{8AA28334-D3CB-4CD6-9A06-3E4547A0A4D8}"
EndProject
Project("{FAE04EC0-301F-11D3-BF4B-00C04F79EFBC}") = "Penguin.Entities.Abstractions.Local", "..\Penguin.Entities.Abstractions\Penguin.Entities.Abstractions.Local.csproj", "{79E2B2D3-16E9-45B5-85C7-FB23B4723E99}"
EndProject
Project("{FAE04EC0-301F-11D3-BF4B-00C04F79EFBC}") = "Penguin.Reflection.Local", "..\Penguin.Reflection\Penguin.Reflection.Local.csproj", "{0E32B4DE-98FE-42EE-831B-140A1918F9FD}"
EndProject
Global
	GlobalSection(SolutionConfigurationPlatforms) = preSolution
		Debug|Any CPU = Debug|Any CPU
		Debug|x64 = Debug|x64
		Debug|x86 = Debug|x86
		Release|Any CPU = Release|Any CPU
		Release|x64 = Release|x64
		Release|x86 = Release|x86
	EndGlobalSection
	GlobalSection(SolutionProperties) = preSolution
		HideSolutionNode = FALSE
	EndGlobalSection
	GlobalSection(ProjectConfigurationPlatforms) = postSolution
		{E4A29A94-2536-4CDE-A34A-E2D4466785E7}.Debug|Any CPU.ActiveCfg = Debug|Any CPU
		{E4A29A94-2536-4CDE-A34A-E2D4466785E7}.Debug|Any CPU.Build.0 = Debug|Any CPU
		{E4A29A94-2536-4CDE-A34A-E2D4466785E7}.Debug|x64.ActiveCfg = Debug|Any CPU
		{E4A29A94-2536-4CDE-A34A-E2D4466785E7}.Debug|x64.Build.0 = Debug|Any CPU
		{E4A29A94-2536-4CDE-A34A-E2D4466785E7}.Debug|x86.ActiveCfg = Debug|Any CPU
		{E4A29A94-2536-4CDE-A34A-E2D4466785E7}.Debug|x86.Build.0 = Debug|Any CPU
		{E4A29A94-2536-4CDE-A34A-E2D4466785E7}.Release|Any CPU.ActiveCfg = Release|Any CPU
		{E4A29A94-2536-4CDE-A34A-E2D4466785E7}.Release|Any CPU.Build.0 = Release|Any CPU
		{E4A29A94-2536-4CDE-A34A-E2D4466785E7}.Release|x64.ActiveCfg = Release|Any CPU
		{E4A29A94-2536-4CDE-A34A-E2D4466785E7}.Release|x64.Build.0 = Release|Any CPU
		{E4A29A94-2536-4CDE-A34A-E2D4466785E7}.Release|x86.ActiveCfg = Release|Any CPU
		{E4A29A94-2536-4CDE-A34A-E2D4466785E7}.Release|x86.Build.0 = Release|Any CPU
		{7D10E743-50F9-45E2-9A62-0FDCC2E1C69B}.Debug|Any CPU.ActiveCfg = Debug|Any CPU
		{7D10E743-50F9-45E2-9A62-0FDCC2E1C69B}.Debug|Any CPU.Build.0 = Debug|Any CPU
		{7D10E743-50F9-45E2-9A62-0FDCC2E1C69B}.Debug|x64.ActiveCfg = Debug|Any CPU
		{7D10E743-50F9-45E2-9A62-0FDCC2E1C69B}.Debug|x64.Build.0 = Debug|Any CPU
		{7D10E743-50F9-45E2-9A62-0FDCC2E1C69B}.Debug|x86.ActiveCfg = Debug|Any CPU
		{7D10E743-50F9-45E2-9A62-0FDCC2E1C69B}.Debug|x86.Build.0 = Debug|Any CPU
		{7D10E743-50F9-45E2-9A62-0FDCC2E1C69B}.Release|Any CPU.ActiveCfg = Release|Any CPU
		{7D10E743-50F9-45E2-9A62-0FDCC2E1C69B}.Release|Any CPU.Build.0 = Release|Any CPU
		{7D10E743-50F9-45E2-9A62-0FDCC2E1C69B}.Release|x64.ActiveCfg = Release|Any CPU
		{7D10E743-50F9-45E2-9A62-0FDCC2E1C69B}.Release|x64.Build.0 = Release|Any CPU
		{7D10E743-50F9-45E2-9A62-0FDCC2E1C69B}.Release|x86.ActiveCfg = Release|Any CPU
		{7D10E743-50F9-45E2-9A62-0FDCC2E1C69B}.Release|x86.Build.0 = Release|Any CPU
		{B76B7AAF-2EF2-492C-9323-90722B845A48}.Debug|Any CPU.ActiveCfg = Debug|Any CPU
		{B76B7AAF-2EF2-492C-9323-90722B845A48}.Debug|Any CPU.Build.0 = Debug|Any CPU
		{B76B7AAF-2EF2-492C-9323-90722B845A48}.Debug|x64.ActiveCfg = Debug|Any CPU
		{B76B7AAF-2EF2-492C-9323-90722B845A48}.Debug|x64.Build.0 = Debug|Any CPU
		{B76B7AAF-2EF2-492C-9323-90722B845A48}.Debug|x86.ActiveCfg = Debug|Any CPU
		{B76B7AAF-2EF2-492C-9323-90722B845A48}.Debug|x86.Build.0 = Debug|Any CPU
		{B76B7AAF-2EF2-492C-9323-90722B845A48}.Release|Any CPU.ActiveCfg = Release|Any CPU
		{B76B7AAF-2EF2-492C-9323-90722B845A48}.Release|Any CPU.Build.0 = Release|Any CPU
		{B76B7AAF-2EF2-492C-9323-90722B845A48}.Release|x64.ActiveCfg = Release|Any CPU
		{B76B7AAF-2EF2-492C-9323-90722B845A48}.Release|x64.Build.0 = Release|Any CPU
		{B76B7AAF-2EF2-492C-9323-90722B845A48}.Release|x86.ActiveCfg = Release|Any CPU
		{B76B7AAF-2EF2-492C-9323-90722B845A48}.Release|x86.Build.0 = Release|Any CPU
		{7C7DEED0-AB44-4A7D-A0AF-BF3E6A70D6FD}.Debug|Any CPU.ActiveCfg = Debug|Any CPU
		{7C7DEED0-AB44-4A7D-A0AF-BF3E6A70D6FD}.Debug|Any CPU.Build.0 = Debug|Any CPU
		{7C7DEED0-AB44-4A7D-A0AF-BF3E6A70D6FD}.Debug|x64.ActiveCfg = Debug|Any CPU
		{7C7DEED0-AB44-4A7D-A0AF-BF3E6A70D6FD}.Debug|x64.Build.0 = Debug|Any CPU
		{7C7DEED0-AB44-4A7D-A0AF-BF3E6A70D6FD}.Debug|x86.ActiveCfg = Debug|Any CPU
		{7C7DEED0-AB44-4A7D-A0AF-BF3E6A70D6FD}.Debug|x86.Build.0 = Debug|Any CPU
		{7C7DEED0-AB44-4A7D-A0AF-BF3E6A70D6FD}.Release|Any CPU.ActiveCfg = Release|Any CPU
		{7C7DEED0-AB44-4A7D-A0AF-BF3E6A70D6FD}.Release|Any CPU.Build.0 = Release|Any CPU
		{7C7DEED0-AB44-4A7D-A0AF-BF3E6A70D6FD}.Release|x64.ActiveCfg = Release|Any CPU
		{7C7DEED0-AB44-4A7D-A0AF-BF3E6A70D6FD}.Release|x64.Build.0 = Release|Any CPU
		{7C7DEED0-AB44-4A7D-A0AF-BF3E6A70D6FD}.Release|x86.ActiveCfg = Release|Any CPU
		{7C7DEED0-AB44-4A7D-A0AF-BF3E6A70D6FD}.Release|x86.Build.0 = Release|Any CPU
		{D3B01A7F-B2AE-4E8B-9FEF-564AC8FE00AF}.Debug|Any CPU.ActiveCfg = Debug|Any CPU
		{D3B01A7F-B2AE-4E8B-9FEF-564AC8FE00AF}.Debug|Any CPU.Build.0 = Debug|Any CPU
		{D3B01A7F-B2AE-4E8B-9FEF-564AC8FE00AF}.Debug|x64.ActiveCfg = Debug|Any CPU
		{D3B01A7F-B2AE-4E8B-9FEF-564AC8FE00AF}.Debug|x64.Build.0 = Debug|Any CPU
		{D3B01A7F-B2AE-4E8B-9FEF-564AC8FE00AF}.Debug|x86.ActiveCfg = Debug|Any CPU
		{D3B01A7F-B2AE-4E8B-9FEF-564AC8FE00AF}.Debug|x86.Build.0 = Debug|Any CPU
		{D3B01A7F-B2AE-4E8B-9FEF-564AC8FE00AF}.Release|Any CPU.ActiveCfg = Release|Any CPU
		{D3B01A7F-B2AE-4E8B-9FEF-564AC8FE00AF}.Release|Any CPU.Build.0 = Release|Any CPU
		{D3B01A7F-B2AE-4E8B-9FEF-564AC8FE00AF}.Release|x64.ActiveCfg = Release|Any CPU
		{D3B01A7F-B2AE-4E8B-9FEF-564AC8FE00AF}.Release|x64.Build.0 = Release|Any CPU
		{D3B01A7F-B2AE-4E8B-9FEF-564AC8FE00AF}.Release|x86.ActiveCfg = Release|Any CPU
		{D3B01A7F-B2AE-4E8B-9FEF-564AC8FE00AF}.Release|x86.Build.0 = Release|Any CPU
		{A27A0EAA-AD62-4D59-A4F4-ABA4806D28F9}.Debug|Any CPU.ActiveCfg = Debug|Any CPU
		{A27A0EAA-AD62-4D59-A4F4-ABA4806D28F9}.Debug|Any CPU.Build.0 = Debug|Any CPU
		{A27A0EAA-AD62-4D59-A4F4-ABA4806D28F9}.Debug|x64.ActiveCfg = Debug|Any CPU
		{A27A0EAA-AD62-4D59-A4F4-ABA4806D28F9}.Debug|x64.Build.0 = Debug|Any CPU
		{A27A0EAA-AD62-4D59-A4F4-ABA4806D28F9}.Debug|x86.ActiveCfg = Debug|Any CPU
		{A27A0EAA-AD62-4D59-A4F4-ABA4806D28F9}.Debug|x86.Build.0 = Debug|Any CPU
		{A27A0EAA-AD62-4D59-A4F4-ABA4806D28F9}.Release|Any CPU.ActiveCfg = Release|Any CPU
		{A27A0EAA-AD62-4D59-A4F4-ABA4806D28F9}.Release|Any CPU.Build.0 = Release|Any CPU
		{A27A0EAA-AD62-4D59-A4F4-ABA4806D28F9}.Release|x64.ActiveCfg = Release|Any CPU
		{A27A0EAA-AD62-4D59-A4F4-ABA4806D28F9}.Release|x64.Build.0 = Release|Any CPU
		{A27A0EAA-AD62-4D59-A4F4-ABA4806D28F9}.Release|x86.ActiveCfg = Release|Any CPU
		{A27A0EAA-AD62-4D59-A4F4-ABA4806D28F9}.Release|x86.Build.0 = Release|Any CPU
		{A77A4CBA-8559-4045-8410-CB3EA384B4EF}.Debug|Any CPU.ActiveCfg = Debug|Any CPU
		{A77A4CBA-8559-4045-8410-CB3EA384B4EF}.Debug|Any CPU.Build.0 = Debug|Any CPU
		{A77A4CBA-8559-4045-8410-CB3EA384B4EF}.Debug|x64.ActiveCfg = Debug|Any CPU
		{A77A4CBA-8559-4045-8410-CB3EA384B4EF}.Debug|x64.Build.0 = Debug|Any CPU
		{A77A4CBA-8559-4045-8410-CB3EA384B4EF}.Debug|x86.ActiveCfg = Debug|Any CPU
		{A77A4CBA-8559-4045-8410-CB3EA384B4EF}.Debug|x86.Build.0 = Debug|Any CPU
		{A77A4CBA-8559-4045-8410-CB3EA384B4EF}.Release|Any CPU.ActiveCfg = Release|Any CPU
		{A77A4CBA-8559-4045-8410-CB3EA384B4EF}.Release|Any CPU.Build.0 = Release|Any CPU
		{A77A4CBA-8559-4045-8410-CB3EA384B4EF}.Release|x64.ActiveCfg = Release|Any CPU
		{A77A4CBA-8559-4045-8410-CB3EA384B4EF}.Release|x64.Build.0 = Release|Any CPU
		{A77A4CBA-8559-4045-8410-CB3EA384B4EF}.Release|x86.ActiveCfg = Release|Any CPU
		{A77A4CBA-8559-4045-8410-CB3EA384B4EF}.Release|x86.Build.0 = Release|Any CPU
		{7A592872-3A27-4459-B242-A67A1636AD5F}.Debug|Any CPU.ActiveCfg = Debug|Any CPU
		{7A592872-3A27-4459-B242-A67A1636AD5F}.Debug|Any CPU.Build.0 = Debug|Any CPU
		{7A592872-3A27-4459-B242-A67A1636AD5F}.Debug|x64.ActiveCfg = Debug|Any CPU
		{7A592872-3A27-4459-B242-A67A1636AD5F}.Debug|x64.Build.0 = Debug|Any CPU
		{7A592872-3A27-4459-B242-A67A1636AD5F}.Debug|x86.ActiveCfg = Debug|Any CPU
		{7A592872-3A27-4459-B242-A67A1636AD5F}.Debug|x86.Build.0 = Debug|Any CPU
		{7A592872-3A27-4459-B242-A67A1636AD5F}.Release|Any CPU.ActiveCfg = Release|Any CPU
		{7A592872-3A27-4459-B242-A67A1636AD5F}.Release|Any CPU.Build.0 = Release|Any CPU
		{7A592872-3A27-4459-B242-A67A1636AD5F}.Release|x64.ActiveCfg = Release|Any CPU
		{7A592872-3A27-4459-B242-A67A1636AD5F}.Release|x64.Build.0 = Release|Any CPU
		{7A592872-3A27-4459-B242-A67A1636AD5F}.Release|x86.ActiveCfg = Release|Any CPU
		{7A592872-3A27-4459-B242-A67A1636AD5F}.Release|x86.Build.0 = Release|Any CPU
		{9D2ECDA0-77BA-47D2-8CDA-4EE0AEFE1492}.Debug|Any CPU.ActiveCfg = Debug|Any CPU
		{9D2ECDA0-77BA-47D2-8CDA-4EE0AEFE1492}.Debug|Any CPU.Build.0 = Debug|Any CPU
		{9D2ECDA0-77BA-47D2-8CDA-4EE0AEFE1492}.Debug|x64.ActiveCfg = Debug|Any CPU
		{9D2ECDA0-77BA-47D2-8CDA-4EE0AEFE1492}.Debug|x64.Build.0 = Debug|Any CPU
		{9D2ECDA0-77BA-47D2-8CDA-4EE0AEFE1492}.Debug|x86.ActiveCfg = Debug|Any CPU
		{9D2ECDA0-77BA-47D2-8CDA-4EE0AEFE1492}.Debug|x86.Build.0 = Debug|Any CPU
		{9D2ECDA0-77BA-47D2-8CDA-4EE0AEFE1492}.Release|Any CPU.ActiveCfg = Release|Any CPU
		{9D2ECDA0-77BA-47D2-8CDA-4EE0AEFE1492}.Release|Any CPU.Build.0 = Release|Any CPU
		{9D2ECDA0-77BA-47D2-8CDA-4EE0AEFE1492}.Release|x64.ActiveCfg = Release|Any CPU
		{9D2ECDA0-77BA-47D2-8CDA-4EE0AEFE1492}.Release|x64.Build.0 = Release|Any CPU
		{9D2ECDA0-77BA-47D2-8CDA-4EE0AEFE1492}.Release|x86.ActiveCfg = Release|Any CPU
		{9D2ECDA0-77BA-47D2-8CDA-4EE0AEFE1492}.Release|x86.Build.0 = Release|Any CPU
		{521DE0E7-0D70-47FC-B439-9332C481553B}.Debug|Any CPU.ActiveCfg = Debug|Any CPU
		{521DE0E7-0D70-47FC-B439-9332C481553B}.Debug|Any CPU.Build.0 = Debug|Any CPU
		{521DE0E7-0D70-47FC-B439-9332C481553B}.Debug|x64.ActiveCfg = Debug|Any CPU
		{521DE0E7-0D70-47FC-B439-9332C481553B}.Debug|x64.Build.0 = Debug|Any CPU
		{521DE0E7-0D70-47FC-B439-9332C481553B}.Debug|x86.ActiveCfg = Debug|Any CPU
		{521DE0E7-0D70-47FC-B439-9332C481553B}.Debug|x86.Build.0 = Debug|Any CPU
		{521DE0E7-0D70-47FC-B439-9332C481553B}.Release|Any CPU.ActiveCfg = Release|Any CPU
		{521DE0E7-0D70-47FC-B439-9332C481553B}.Release|Any CPU.Build.0 = Release|Any CPU
		{521DE0E7-0D70-47FC-B439-9332C481553B}.Release|x64.ActiveCfg = Release|Any CPU
		{521DE0E7-0D70-47FC-B439-9332C481553B}.Release|x64.Build.0 = Release|Any CPU
		{521DE0E7-0D70-47FC-B439-9332C481553B}.Release|x86.ActiveCfg = Release|Any CPU
		{521DE0E7-0D70-47FC-B439-9332C481553B}.Release|x86.Build.0 = Release|Any CPU
		{158B40C7-A63B-4DF7-B919-0F48C48D0D57}.Debug|Any CPU.ActiveCfg = Debug|Any CPU
		{158B40C7-A63B-4DF7-B919-0F48C48D0D57}.Debug|Any CPU.Build.0 = Debug|Any CPU
		{158B40C7-A63B-4DF7-B919-0F48C48D0D57}.Debug|x64.ActiveCfg = Debug|Any CPU
		{158B40C7-A63B-4DF7-B919-0F48C48D0D57}.Debug|x64.Build.0 = Debug|Any CPU
		{158B40C7-A63B-4DF7-B919-0F48C48D0D57}.Debug|x86.ActiveCfg = Debug|Any CPU
		{158B40C7-A63B-4DF7-B919-0F48C48D0D57}.Debug|x86.Build.0 = Debug|Any CPU
		{158B40C7-A63B-4DF7-B919-0F48C48D0D57}.Release|Any CPU.ActiveCfg = Release|Any CPU
		{158B40C7-A63B-4DF7-B919-0F48C48D0D57}.Release|Any CPU.Build.0 = Release|Any CPU
		{158B40C7-A63B-4DF7-B919-0F48C48D0D57}.Release|x64.ActiveCfg = Release|Any CPU
		{158B40C7-A63B-4DF7-B919-0F48C48D0D57}.Release|x64.Build.0 = Release|Any CPU
		{158B40C7-A63B-4DF7-B919-0F48C48D0D57}.Release|x86.ActiveCfg = Release|Any CPU
		{158B40C7-A63B-4DF7-B919-0F48C48D0D57}.Release|x86.Build.0 = Release|Any CPU
		{B885E5CB-0C68-4CF3-BE28-733C108D8EE8}.Debug|Any CPU.ActiveCfg = Debug|Any CPU
		{B885E5CB-0C68-4CF3-BE28-733C108D8EE8}.Debug|Any CPU.Build.0 = Debug|Any CPU
		{B885E5CB-0C68-4CF3-BE28-733C108D8EE8}.Debug|x64.ActiveCfg = Debug|Any CPU
		{B885E5CB-0C68-4CF3-BE28-733C108D8EE8}.Debug|x64.Build.0 = Debug|Any CPU
		{B885E5CB-0C68-4CF3-BE28-733C108D8EE8}.Debug|x86.ActiveCfg = Debug|Any CPU
		{B885E5CB-0C68-4CF3-BE28-733C108D8EE8}.Debug|x86.Build.0 = Debug|Any CPU
		{B885E5CB-0C68-4CF3-BE28-733C108D8EE8}.Release|Any CPU.ActiveCfg = Release|Any CPU
		{B885E5CB-0C68-4CF3-BE28-733C108D8EE8}.Release|Any CPU.Build.0 = Release|Any CPU
		{B885E5CB-0C68-4CF3-BE28-733C108D8EE8}.Release|x64.ActiveCfg = Release|Any CPU
		{B885E5CB-0C68-4CF3-BE28-733C108D8EE8}.Release|x64.Build.0 = Release|Any CPU
		{B885E5CB-0C68-4CF3-BE28-733C108D8EE8}.Release|x86.ActiveCfg = Release|Any CPU
		{B885E5CB-0C68-4CF3-BE28-733C108D8EE8}.Release|x86.Build.0 = Release|Any CPU
		{A3D4FBA3-D281-4523-8C95-509F23281953}.Debug|Any CPU.ActiveCfg = Debug|Any CPU
		{A3D4FBA3-D281-4523-8C95-509F23281953}.Debug|Any CPU.Build.0 = Debug|Any CPU
		{A3D4FBA3-D281-4523-8C95-509F23281953}.Debug|x64.ActiveCfg = Debug|Any CPU
		{A3D4FBA3-D281-4523-8C95-509F23281953}.Debug|x64.Build.0 = Debug|Any CPU
		{A3D4FBA3-D281-4523-8C95-509F23281953}.Debug|x86.ActiveCfg = Debug|Any CPU
		{A3D4FBA3-D281-4523-8C95-509F23281953}.Debug|x86.Build.0 = Debug|Any CPU
		{A3D4FBA3-D281-4523-8C95-509F23281953}.Release|Any CPU.ActiveCfg = Release|Any CPU
		{A3D4FBA3-D281-4523-8C95-509F23281953}.Release|Any CPU.Build.0 = Release|Any CPU
		{A3D4FBA3-D281-4523-8C95-509F23281953}.Release|x64.ActiveCfg = Release|Any CPU
		{A3D4FBA3-D281-4523-8C95-509F23281953}.Release|x64.Build.0 = Release|Any CPU
		{A3D4FBA3-D281-4523-8C95-509F23281953}.Release|x86.ActiveCfg = Release|Any CPU
		{A3D4FBA3-D281-4523-8C95-509F23281953}.Release|x86.Build.0 = Release|Any CPU
		{01E1DBC1-E0FE-456C-BF9B-61B755884BE0}.Debug|Any CPU.ActiveCfg = Debug|Any CPU
		{01E1DBC1-E0FE-456C-BF9B-61B755884BE0}.Debug|Any CPU.Build.0 = Debug|Any CPU
		{01E1DBC1-E0FE-456C-BF9B-61B755884BE0}.Debug|x64.ActiveCfg = Debug|Any CPU
		{01E1DBC1-E0FE-456C-BF9B-61B755884BE0}.Debug|x64.Build.0 = Debug|Any CPU
		{01E1DBC1-E0FE-456C-BF9B-61B755884BE0}.Debug|x86.ActiveCfg = Debug|Any CPU
		{01E1DBC1-E0FE-456C-BF9B-61B755884BE0}.Debug|x86.Build.0 = Debug|Any CPU
		{01E1DBC1-E0FE-456C-BF9B-61B755884BE0}.Release|Any CPU.ActiveCfg = Release|Any CPU
		{01E1DBC1-E0FE-456C-BF9B-61B755884BE0}.Release|Any CPU.Build.0 = Release|Any CPU
		{01E1DBC1-E0FE-456C-BF9B-61B755884BE0}.Release|x64.ActiveCfg = Release|Any CPU
		{01E1DBC1-E0FE-456C-BF9B-61B755884BE0}.Release|x64.Build.0 = Release|Any CPU
		{01E1DBC1-E0FE-456C-BF9B-61B755884BE0}.Release|x86.ActiveCfg = Release|Any CPU
		{01E1DBC1-E0FE-456C-BF9B-61B755884BE0}.Release|x86.Build.0 = Release|Any CPU
		{5FE3FC7B-C48E-49A0-8445-D669063E7C63}.Debug|Any CPU.ActiveCfg = Debug|Any CPU
		{5FE3FC7B-C48E-49A0-8445-D669063E7C63}.Debug|Any CPU.Build.0 = Debug|Any CPU
		{5FE3FC7B-C48E-49A0-8445-D669063E7C63}.Debug|x64.ActiveCfg = Debug|Any CPU
		{5FE3FC7B-C48E-49A0-8445-D669063E7C63}.Debug|x64.Build.0 = Debug|Any CPU
		{5FE3FC7B-C48E-49A0-8445-D669063E7C63}.Debug|x86.ActiveCfg = Debug|Any CPU
		{5FE3FC7B-C48E-49A0-8445-D669063E7C63}.Debug|x86.Build.0 = Debug|Any CPU
		{5FE3FC7B-C48E-49A0-8445-D669063E7C63}.Release|Any CPU.ActiveCfg = Release|Any CPU
		{5FE3FC7B-C48E-49A0-8445-D669063E7C63}.Release|Any CPU.Build.0 = Release|Any CPU
		{5FE3FC7B-C48E-49A0-8445-D669063E7C63}.Release|x64.ActiveCfg = Release|Any CPU
		{5FE3FC7B-C48E-49A0-8445-D669063E7C63}.Release|x64.Build.0 = Release|Any CPU
		{5FE3FC7B-C48E-49A0-8445-D669063E7C63}.Release|x86.ActiveCfg = Release|Any CPU
		{5FE3FC7B-C48E-49A0-8445-D669063E7C63}.Release|x86.Build.0 = Release|Any CPU
		{8AA28334-D3CB-4CD6-9A06-3E4547A0A4D8}.Debug|Any CPU.ActiveCfg = Debug|Any CPU
		{8AA28334-D3CB-4CD6-9A06-3E4547A0A4D8}.Debug|Any CPU.Build.0 = Debug|Any CPU
		{8AA28334-D3CB-4CD6-9A06-3E4547A0A4D8}.Debug|x64.ActiveCfg = Debug|Any CPU
		{8AA28334-D3CB-4CD6-9A06-3E4547A0A4D8}.Debug|x64.Build.0 = Debug|Any CPU
		{8AA28334-D3CB-4CD6-9A06-3E4547A0A4D8}.Debug|x86.ActiveCfg = Debug|Any CPU
		{8AA28334-D3CB-4CD6-9A06-3E4547A0A4D8}.Debug|x86.Build.0 = Debug|Any CPU
		{8AA28334-D3CB-4CD6-9A06-3E4547A0A4D8}.Release|Any CPU.ActiveCfg = Release|Any CPU
		{8AA28334-D3CB-4CD6-9A06-3E4547A0A4D8}.Release|Any CPU.Build.0 = Release|Any CPU
		{8AA28334-D3CB-4CD6-9A06-3E4547A0A4D8}.Release|x64.ActiveCfg = Release|Any CPU
		{8AA28334-D3CB-4CD6-9A06-3E4547A0A4D8}.Release|x64.Build.0 = Release|Any CPU
		{8AA28334-D3CB-4CD6-9A06-3E4547A0A4D8}.Release|x86.ActiveCfg = Release|Any CPU
		{8AA28334-D3CB-4CD6-9A06-3E4547A0A4D8}.Release|x86.Build.0 = Release|Any CPU
		{79E2B2D3-16E9-45B5-85C7-FB23B4723E99}.Debug|Any CPU.ActiveCfg = Debug|Any CPU
		{79E2B2D3-16E9-45B5-85C7-FB23B4723E99}.Debug|Any CPU.Build.0 = Debug|Any CPU
		{79E2B2D3-16E9-45B5-85C7-FB23B4723E99}.Debug|x64.ActiveCfg = Debug|Any CPU
		{79E2B2D3-16E9-45B5-85C7-FB23B4723E99}.Debug|x64.Build.0 = Debug|Any CPU
		{79E2B2D3-16E9-45B5-85C7-FB23B4723E99}.Debug|x86.ActiveCfg = Debug|Any CPU
		{79E2B2D3-16E9-45B5-85C7-FB23B4723E99}.Debug|x86.Build.0 = Debug|Any CPU
		{79E2B2D3-16E9-45B5-85C7-FB23B4723E99}.Release|Any CPU.ActiveCfg = Release|Any CPU
		{79E2B2D3-16E9-45B5-85C7-FB23B4723E99}.Release|Any CPU.Build.0 = Release|Any CPU
		{79E2B2D3-16E9-45B5-85C7-FB23B4723E99}.Release|x64.ActiveCfg = Release|Any CPU
		{79E2B2D3-16E9-45B5-85C7-FB23B4723E99}.Release|x64.Build.0 = Release|Any CPU
		{79E2B2D3-16E9-45B5-85C7-FB23B4723E99}.Release|x86.ActiveCfg = Release|Any CPU
		{79E2B2D3-16E9-45B5-85C7-FB23B4723E99}.Release|x86.Build.0 = Release|Any CPU
		{0E32B4DE-98FE-42EE-831B-140A1918F9FD}.Debug|Any CPU.ActiveCfg = Debug|Any CPU
		{0E32B4DE-98FE-42EE-831B-140A1918F9FD}.Debug|Any CPU.Build.0 = Debug|Any CPU
		{0E32B4DE-98FE-42EE-831B-140A1918F9FD}.Debug|x64.ActiveCfg = Debug|Any CPU
		{0E32B4DE-98FE-42EE-831B-140A1918F9FD}.Debug|x64.Build.0 = Debug|Any CPU
		{0E32B4DE-98FE-42EE-831B-140A1918F9FD}.Debug|x86.ActiveCfg = Debug|Any CPU
		{0E32B4DE-98FE-42EE-831B-140A1918F9FD}.Debug|x86.Build.0 = Debug|Any CPU
		{0E32B4DE-98FE-42EE-831B-140A1918F9FD}.Release|Any CPU.ActiveCfg = Release|Any CPU
		{0E32B4DE-98FE-42EE-831B-140A1918F9FD}.Release|Any CPU.Build.0 = Release|Any CPU
		{0E32B4DE-98FE-42EE-831B-140A1918F9FD}.Release|x64.ActiveCfg = Release|Any CPU
		{0E32B4DE-98FE-42EE-831B-140A1918F9FD}.Release|x64.Build.0 = Release|Any CPU
		{0E32B4DE-98FE-42EE-831B-140A1918F9FD}.Release|x86.ActiveCfg = Release|Any CPU
		{0E32B4DE-98FE-42EE-831B-140A1918F9FD}.Release|x86.Build.0 = Release|Any CPU
	EndGlobalSection
EndGlobal
